
Microsoft Visual Studio Solution File, Format Version 12.00
# Visual Studio 14
VisualStudioVersion = 14.0.25420.1
MinimumVisualStudioVersion = 10.0.40219.1
Project("{FAE04EC0-301F-11D3-BF4B-00C04F79EFBC}") = "XamarinSample", "XamarinSample\XamarinSample\XamarinSample.csproj", "{2D7F3279-1A26-4669-B539-76B4F95C17FA}"
EndProject
Project("{FAE04EC0-301F-11D3-BF4B-00C04F79EFBC}") = "XamarinSample.Droid", "XamarinSample\XamarinSample.Droid\XamarinSample.Droid.csproj", "{A14A97E7-793E-483B-B3CD-27FED10A5E54}"
EndProject
Project("{FAE04EC0-301F-11D3-BF4B-00C04F79EFBC}") = "XamarinSample.iOS", "XamarinSample\XamarinSample.iOS\XamarinSample.iOS.csproj", "{6A28EC6F-823E-4947-8ABC-8F13A797B310}"
EndProject
Project("{FAE04EC0-301F-11D3-BF4B-00C04F79EFBC}") = "XamarinSample.WinPhone", "XamarinSample\XamarinSample.WinPhone\XamarinSample.WinPhone.csproj", "{083C8F57-4C72-4B6F-901D-B6285760158E}"
EndProject
Project("{FAE04EC0-301F-11D3-BF4B-00C04F79EFBC}") = "XamarinSample.Windows", "XamarinSample\XamarinSample.Windows\XamarinSample.Windows.csproj", "{6CC1888D-2C0F-4659-9B14-C5A7333742E6}"
EndProject
Project("{FAE04EC0-301F-11D3-BF4B-00C04F79EFBC}") = "XamarinSample.Service.DAL", "XamarinSample.Service.DAL\XamarinSample.Service.DAL.csproj", "{4CD5E07A-E483-4E39-9308-606C96F68F79}"
EndProject
Project("{FAE04EC0-301F-11D3-BF4B-00C04F79EFBC}") = "XamarinSample.Service.DAL.Test", "XamarinSample.Service.DAL.Test\XamarinSample.Service.DAL.Test.csproj", "{B68328FF-1122-4860-9EB7-02365A64050B}"
EndProject
Global
	GlobalSection(SolutionConfigurationPlatforms) = preSolution
		Ad-Hoc|Any CPU = Ad-Hoc|Any CPU
		Ad-Hoc|ARM = Ad-Hoc|ARM
		Ad-Hoc|iPhone = Ad-Hoc|iPhone
		Ad-Hoc|iPhoneSimulator = Ad-Hoc|iPhoneSimulator
		Ad-Hoc|x64 = Ad-Hoc|x64
		Ad-Hoc|x86 = Ad-Hoc|x86
		AppStore|Any CPU = AppStore|Any CPU
		AppStore|ARM = AppStore|ARM
		AppStore|iPhone = AppStore|iPhone
		AppStore|iPhoneSimulator = AppStore|iPhoneSimulator
		AppStore|x64 = AppStore|x64
		AppStore|x86 = AppStore|x86
		Debug|Any CPU = Debug|Any CPU
		Debug|ARM = Debug|ARM
		Debug|iPhone = Debug|iPhone
		Debug|iPhoneSimulator = Debug|iPhoneSimulator
		Debug|x64 = Debug|x64
		Debug|x86 = Debug|x86
		Release|Any CPU = Release|Any CPU
		Release|ARM = Release|ARM
		Release|iPhone = Release|iPhone
		Release|iPhoneSimulator = Release|iPhoneSimulator
		Release|x64 = Release|x64
		Release|x86 = Release|x86
	EndGlobalSection
	GlobalSection(ProjectConfigurationPlatforms) = postSolution
		{2D7F3279-1A26-4669-B539-76B4F95C17FA}.Ad-Hoc|Any CPU.ActiveCfg = Release|Any CPU
		{2D7F3279-1A26-4669-B539-76B4F95C17FA}.Ad-Hoc|Any CPU.Build.0 = Release|Any CPU
		{2D7F3279-1A26-4669-B539-76B4F95C17FA}.Ad-Hoc|ARM.ActiveCfg = Release|Any CPU
		{2D7F3279-1A26-4669-B539-76B4F95C17FA}.Ad-Hoc|ARM.Build.0 = Release|Any CPU
		{2D7F3279-1A26-4669-B539-76B4F95C17FA}.Ad-Hoc|iPhone.ActiveCfg = Release|Any CPU
		{2D7F3279-1A26-4669-B539-76B4F95C17FA}.Ad-Hoc|iPhone.Build.0 = Release|Any CPU
		{2D7F3279-1A26-4669-B539-76B4F95C17FA}.Ad-Hoc|iPhoneSimulator.ActiveCfg = Release|Any CPU
		{2D7F3279-1A26-4669-B539-76B4F95C17FA}.Ad-Hoc|iPhoneSimulator.Build.0 = Release|Any CPU
		{2D7F3279-1A26-4669-B539-76B4F95C17FA}.Ad-Hoc|x64.ActiveCfg = Release|Any CPU
		{2D7F3279-1A26-4669-B539-76B4F95C17FA}.Ad-Hoc|x64.Build.0 = Release|Any CPU
		{2D7F3279-1A26-4669-B539-76B4F95C17FA}.Ad-Hoc|x86.ActiveCfg = Release|Any CPU
		{2D7F3279-1A26-4669-B539-76B4F95C17FA}.Ad-Hoc|x86.Build.0 = Release|Any CPU
		{2D7F3279-1A26-4669-B539-76B4F95C17FA}.AppStore|Any CPU.ActiveCfg = Release|Any CPU
		{2D7F3279-1A26-4669-B539-76B4F95C17FA}.AppStore|Any CPU.Build.0 = Release|Any CPU
		{2D7F3279-1A26-4669-B539-76B4F95C17FA}.AppStore|ARM.ActiveCfg = Release|Any CPU
		{2D7F3279-1A26-4669-B539-76B4F95C17FA}.AppStore|ARM.Build.0 = Release|Any CPU
		{2D7F3279-1A26-4669-B539-76B4F95C17FA}.AppStore|iPhone.ActiveCfg = Release|Any CPU
		{2D7F3279-1A26-4669-B539-76B4F95C17FA}.AppStore|iPhone.Build.0 = Release|Any CPU
		{2D7F3279-1A26-4669-B539-76B4F95C17FA}.AppStore|iPhoneSimulator.ActiveCfg = Release|Any CPU
		{2D7F3279-1A26-4669-B539-76B4F95C17FA}.AppStore|iPhoneSimulator.Build.0 = Release|Any CPU
		{2D7F3279-1A26-4669-B539-76B4F95C17FA}.AppStore|x64.ActiveCfg = Release|Any CPU
		{2D7F3279-1A26-4669-B539-76B4F95C17FA}.AppStore|x64.Build.0 = Release|Any CPU
		{2D7F3279-1A26-4669-B539-76B4F95C17FA}.AppStore|x86.ActiveCfg = Release|Any CPU
		{2D7F3279-1A26-4669-B539-76B4F95C17FA}.AppStore|x86.Build.0 = Release|Any CPU
		{2D7F3279-1A26-4669-B539-76B4F95C17FA}.Debug|Any CPU.ActiveCfg = Debug|Any CPU
		{2D7F3279-1A26-4669-B539-76B4F95C17FA}.Debug|Any CPU.Build.0 = Debug|Any CPU
		{2D7F3279-1A26-4669-B539-76B4F95C17FA}.Debug|ARM.ActiveCfg = Debug|Any CPU
		{2D7F3279-1A26-4669-B539-76B4F95C17FA}.Debug|ARM.Build.0 = Debug|Any CPU
		{2D7F3279-1A26-4669-B539-76B4F95C17FA}.Debug|iPhone.ActiveCfg = Debug|Any CPU
		{2D7F3279-1A26-4669-B539-76B4F95C17FA}.Debug|iPhone.Build.0 = Debug|Any CPU
		{2D7F3279-1A26-4669-B539-76B4F95C17FA}.Debug|iPhoneSimulator.ActiveCfg = Debug|Any CPU
		{2D7F3279-1A26-4669-B539-76B4F95C17FA}.Debug|iPhoneSimulator.Build.0 = Debug|Any CPU
		{2D7F3279-1A26-4669-B539-76B4F95C17FA}.Debug|x64.ActiveCfg = Debug|Any CPU
		{2D7F3279-1A26-4669-B539-76B4F95C17FA}.Debug|x64.Build.0 = Debug|Any CPU
		{2D7F3279-1A26-4669-B539-76B4F95C17FA}.Debug|x86.ActiveCfg = Debug|Any CPU
		{2D7F3279-1A26-4669-B539-76B4F95C17FA}.Debug|x86.Build.0 = Debug|Any CPU
		{2D7F3279-1A26-4669-B539-76B4F95C17FA}.Release|Any CPU.ActiveCfg = Release|Any CPU
		{2D7F3279-1A26-4669-B539-76B4F95C17FA}.Release|Any CPU.Build.0 = Release|Any CPU
		{2D7F3279-1A26-4669-B539-76B4F95C17FA}.Release|ARM.ActiveCfg = Release|Any CPU
		{2D7F3279-1A26-4669-B539-76B4F95C17FA}.Release|ARM.Build.0 = Release|Any CPU
		{2D7F3279-1A26-4669-B539-76B4F95C17FA}.Release|iPhone.ActiveCfg = Release|Any CPU
		{2D7F3279-1A26-4669-B539-76B4F95C17FA}.Release|iPhone.Build.0 = Release|Any CPU
		{2D7F3279-1A26-4669-B539-76B4F95C17FA}.Release|iPhoneSimulator.ActiveCfg = Release|Any CPU
		{2D7F3279-1A26-4669-B539-76B4F95C17FA}.Release|iPhoneSimulator.Build.0 = Release|Any CPU
		{2D7F3279-1A26-4669-B539-76B4F95C17FA}.Release|x64.ActiveCfg = Release|Any CPU
		{2D7F3279-1A26-4669-B539-76B4F95C17FA}.Release|x64.Build.0 = Release|Any CPU
		{2D7F3279-1A26-4669-B539-76B4F95C17FA}.Release|x86.ActiveCfg = Release|Any CPU
		{2D7F3279-1A26-4669-B539-76B4F95C17FA}.Release|x86.Build.0 = Release|Any CPU
		{A14A97E7-793E-483B-B3CD-27FED10A5E54}.Ad-Hoc|Any CPU.ActiveCfg = Release|Any CPU
		{A14A97E7-793E-483B-B3CD-27FED10A5E54}.Ad-Hoc|Any CPU.Build.0 = Release|Any CPU
		{A14A97E7-793E-483B-B3CD-27FED10A5E54}.Ad-Hoc|Any CPU.Deploy.0 = Release|Any CPU
		{A14A97E7-793E-483B-B3CD-27FED10A5E54}.Ad-Hoc|ARM.ActiveCfg = Release|Any CPU
		{A14A97E7-793E-483B-B3CD-27FED10A5E54}.Ad-Hoc|ARM.Build.0 = Release|Any CPU
		{A14A97E7-793E-483B-B3CD-27FED10A5E54}.Ad-Hoc|ARM.Deploy.0 = Release|Any CPU
		{A14A97E7-793E-483B-B3CD-27FED10A5E54}.Ad-Hoc|iPhone.ActiveCfg = Release|Any CPU
		{A14A97E7-793E-483B-B3CD-27FED10A5E54}.Ad-Hoc|iPhone.Build.0 = Release|Any CPU
		{A14A97E7-793E-483B-B3CD-27FED10A5E54}.Ad-Hoc|iPhone.Deploy.0 = Release|Any CPU
		{A14A97E7-793E-483B-B3CD-27FED10A5E54}.Ad-Hoc|iPhoneSimulator.ActiveCfg = Release|Any CPU
		{A14A97E7-793E-483B-B3CD-27FED10A5E54}.Ad-Hoc|iPhoneSimulator.Build.0 = Release|Any CPU
		{A14A97E7-793E-483B-B3CD-27FED10A5E54}.Ad-Hoc|iPhoneSimulator.Deploy.0 = Release|Any CPU
		{A14A97E7-793E-483B-B3CD-27FED10A5E54}.Ad-Hoc|x64.ActiveCfg = Release|Any CPU
		{A14A97E7-793E-483B-B3CD-27FED10A5E54}.Ad-Hoc|x64.Build.0 = Release|Any CPU
		{A14A97E7-793E-483B-B3CD-27FED10A5E54}.Ad-Hoc|x64.Deploy.0 = Release|Any CPU
		{A14A97E7-793E-483B-B3CD-27FED10A5E54}.Ad-Hoc|x86.ActiveCfg = Release|Any CPU
		{A14A97E7-793E-483B-B3CD-27FED10A5E54}.Ad-Hoc|x86.Build.0 = Release|Any CPU
		{A14A97E7-793E-483B-B3CD-27FED10A5E54}.Ad-Hoc|x86.Deploy.0 = Release|Any CPU
		{A14A97E7-793E-483B-B3CD-27FED10A5E54}.AppStore|Any CPU.ActiveCfg = Release|Any CPU
		{A14A97E7-793E-483B-B3CD-27FED10A5E54}.AppStore|Any CPU.Build.0 = Release|Any CPU
		{A14A97E7-793E-483B-B3CD-27FED10A5E54}.AppStore|Any CPU.Deploy.0 = Release|Any CPU
		{A14A97E7-793E-483B-B3CD-27FED10A5E54}.AppStore|ARM.ActiveCfg = Release|Any CPU
		{A14A97E7-793E-483B-B3CD-27FED10A5E54}.AppStore|ARM.Build.0 = Release|Any CPU
		{A14A97E7-793E-483B-B3CD-27FED10A5E54}.AppStore|ARM.Deploy.0 = Release|Any CPU
		{A14A97E7-793E-483B-B3CD-27FED10A5E54}.AppStore|iPhone.ActiveCfg = Release|Any CPU
		{A14A97E7-793E-483B-B3CD-27FED10A5E54}.AppStore|iPhone.Build.0 = Release|Any CPU
		{A14A97E7-793E-483B-B3CD-27FED10A5E54}.AppStore|iPhone.Deploy.0 = Release|Any CPU
		{A14A97E7-793E-483B-B3CD-27FED10A5E54}.AppStore|iPhoneSimulator.ActiveCfg = Release|Any CPU
		{A14A97E7-793E-483B-B3CD-27FED10A5E54}.AppStore|iPhoneSimulator.Build.0 = Release|Any CPU
		{A14A97E7-793E-483B-B3CD-27FED10A5E54}.AppStore|iPhoneSimulator.Deploy.0 = Release|Any CPU
		{A14A97E7-793E-483B-B3CD-27FED10A5E54}.AppStore|x64.ActiveCfg = Release|Any CPU
		{A14A97E7-793E-483B-B3CD-27FED10A5E54}.AppStore|x64.Build.0 = Release|Any CPU
		{A14A97E7-793E-483B-B3CD-27FED10A5E54}.AppStore|x64.Deploy.0 = Release|Any CPU
		{A14A97E7-793E-483B-B3CD-27FED10A5E54}.AppStore|x86.ActiveCfg = Release|Any CPU
		{A14A97E7-793E-483B-B3CD-27FED10A5E54}.AppStore|x86.Build.0 = Release|Any CPU
		{A14A97E7-793E-483B-B3CD-27FED10A5E54}.AppStore|x86.Deploy.0 = Release|Any CPU
		{A14A97E7-793E-483B-B3CD-27FED10A5E54}.Debug|Any CPU.ActiveCfg = Debug|Any CPU
		{A14A97E7-793E-483B-B3CD-27FED10A5E54}.Debug|Any CPU.Build.0 = Debug|Any CPU
		{A14A97E7-793E-483B-B3CD-27FED10A5E54}.Debug|Any CPU.Deploy.0 = Debug|Any CPU
		{A14A97E7-793E-483B-B3CD-27FED10A5E54}.Debug|ARM.ActiveCfg = Debug|Any CPU
		{A14A97E7-793E-483B-B3CD-27FED10A5E54}.Debug|ARM.Build.0 = Debug|Any CPU
		{A14A97E7-793E-483B-B3CD-27FED10A5E54}.Debug|ARM.Deploy.0 = Debug|Any CPU
		{A14A97E7-793E-483B-B3CD-27FED10A5E54}.Debug|iPhone.ActiveCfg = Debug|Any CPU
		{A14A97E7-793E-483B-B3CD-27FED10A5E54}.Debug|iPhone.Build.0 = Debug|Any CPU
		{A14A97E7-793E-483B-B3CD-27FED10A5E54}.Debug|iPhone.Deploy.0 = Debug|Any CPU
		{A14A97E7-793E-483B-B3CD-27FED10A5E54}.Debug|iPhoneSimulator.ActiveCfg = Debug|Any CPU
		{A14A97E7-793E-483B-B3CD-27FED10A5E54}.Debug|iPhoneSimulator.Build.0 = Debug|Any CPU
		{A14A97E7-793E-483B-B3CD-27FED10A5E54}.Debug|iPhoneSimulator.Deploy.0 = Debug|Any CPU
		{A14A97E7-793E-483B-B3CD-27FED10A5E54}.Debug|x64.ActiveCfg = Debug|Any CPU
		{A14A97E7-793E-483B-B3CD-27FED10A5E54}.Debug|x64.Build.0 = Debug|Any CPU
		{A14A97E7-793E-483B-B3CD-27FED10A5E54}.Debug|x64.Deploy.0 = Debug|Any CPU
		{A14A97E7-793E-483B-B3CD-27FED10A5E54}.Debug|x86.ActiveCfg = Debug|Any CPU
		{A14A97E7-793E-483B-B3CD-27FED10A5E54}.Debug|x86.Build.0 = Debug|Any CPU
		{A14A97E7-793E-483B-B3CD-27FED10A5E54}.Debug|x86.Deploy.0 = Debug|Any CPU
		{A14A97E7-793E-483B-B3CD-27FED10A5E54}.Release|Any CPU.ActiveCfg = Release|Any CPU
		{A14A97E7-793E-483B-B3CD-27FED10A5E54}.Release|Any CPU.Build.0 = Release|Any CPU
		{A14A97E7-793E-483B-B3CD-27FED10A5E54}.Release|Any CPU.Deploy.0 = Release|Any CPU
		{A14A97E7-793E-483B-B3CD-27FED10A5E54}.Release|ARM.ActiveCfg = Release|Any CPU
		{A14A97E7-793E-483B-B3CD-27FED10A5E54}.Release|ARM.Build.0 = Release|Any CPU
		{A14A97E7-793E-483B-B3CD-27FED10A5E54}.Release|ARM.Deploy.0 = Release|Any CPU
		{A14A97E7-793E-483B-B3CD-27FED10A5E54}.Release|iPhone.ActiveCfg = Release|Any CPU
		{A14A97E7-793E-483B-B3CD-27FED10A5E54}.Release|iPhone.Build.0 = Release|Any CPU
		{A14A97E7-793E-483B-B3CD-27FED10A5E54}.Release|iPhone.Deploy.0 = Release|Any CPU
		{A14A97E7-793E-483B-B3CD-27FED10A5E54}.Release|iPhoneSimulator.ActiveCfg = Release|Any CPU
		{A14A97E7-793E-483B-B3CD-27FED10A5E54}.Release|iPhoneSimulator.Build.0 = Release|Any CPU
		{A14A97E7-793E-483B-B3CD-27FED10A5E54}.Release|iPhoneSimulator.Deploy.0 = Release|Any CPU
		{A14A97E7-793E-483B-B3CD-27FED10A5E54}.Release|x64.ActiveCfg = Release|Any CPU
		{A14A97E7-793E-483B-B3CD-27FED10A5E54}.Release|x64.Build.0 = Release|Any CPU
		{A14A97E7-793E-483B-B3CD-27FED10A5E54}.Release|x64.Deploy.0 = Release|Any CPU
		{A14A97E7-793E-483B-B3CD-27FED10A5E54}.Release|x86.ActiveCfg = Release|Any CPU
		{A14A97E7-793E-483B-B3CD-27FED10A5E54}.Release|x86.Build.0 = Release|Any CPU
		{A14A97E7-793E-483B-B3CD-27FED10A5E54}.Release|x86.Deploy.0 = Release|Any CPU
		{6A28EC6F-823E-4947-8ABC-8F13A797B310}.Ad-Hoc|Any CPU.ActiveCfg = Ad-Hoc|iPhone
		{6A28EC6F-823E-4947-8ABC-8F13A797B310}.Ad-Hoc|ARM.ActiveCfg = Ad-Hoc|iPhone
		{6A28EC6F-823E-4947-8ABC-8F13A797B310}.Ad-Hoc|iPhone.ActiveCfg = Ad-Hoc|iPhone
		{6A28EC6F-823E-4947-8ABC-8F13A797B310}.Ad-Hoc|iPhone.Build.0 = Ad-Hoc|iPhone
		{6A28EC6F-823E-4947-8ABC-8F13A797B310}.Ad-Hoc|iPhoneSimulator.ActiveCfg = Ad-Hoc|iPhoneSimulator
		{6A28EC6F-823E-4947-8ABC-8F13A797B310}.Ad-Hoc|iPhoneSimulator.Build.0 = Ad-Hoc|iPhoneSimulator
		{6A28EC6F-823E-4947-8ABC-8F13A797B310}.Ad-Hoc|x64.ActiveCfg = Ad-Hoc|iPhone
		{6A28EC6F-823E-4947-8ABC-8F13A797B310}.Ad-Hoc|x86.ActiveCfg = Ad-Hoc|iPhone
		{6A28EC6F-823E-4947-8ABC-8F13A797B310}.AppStore|Any CPU.ActiveCfg = AppStore|iPhone
		{6A28EC6F-823E-4947-8ABC-8F13A797B310}.AppStore|ARM.ActiveCfg = AppStore|iPhone
		{6A28EC6F-823E-4947-8ABC-8F13A797B310}.AppStore|iPhone.ActiveCfg = AppStore|iPhone
		{6A28EC6F-823E-4947-8ABC-8F13A797B310}.AppStore|iPhone.Build.0 = AppStore|iPhone
		{6A28EC6F-823E-4947-8ABC-8F13A797B310}.AppStore|iPhoneSimulator.ActiveCfg = AppStore|iPhoneSimulator
		{6A28EC6F-823E-4947-8ABC-8F13A797B310}.AppStore|iPhoneSimulator.Build.0 = AppStore|iPhoneSimulator
		{6A28EC6F-823E-4947-8ABC-8F13A797B310}.AppStore|x64.ActiveCfg = AppStore|iPhone
		{6A28EC6F-823E-4947-8ABC-8F13A797B310}.AppStore|x86.ActiveCfg = AppStore|iPhone
		{6A28EC6F-823E-4947-8ABC-8F13A797B310}.Debug|Any CPU.ActiveCfg = Debug|iPhone
		{6A28EC6F-823E-4947-8ABC-8F13A797B310}.Debug|ARM.ActiveCfg = Debug|iPhone
		{6A28EC6F-823E-4947-8ABC-8F13A797B310}.Debug|iPhone.ActiveCfg = Debug|iPhone
		{6A28EC6F-823E-4947-8ABC-8F13A797B310}.Debug|iPhone.Build.0 = Debug|iPhone
		{6A28EC6F-823E-4947-8ABC-8F13A797B310}.Debug|iPhoneSimulator.ActiveCfg = Debug|iPhoneSimulator
		{6A28EC6F-823E-4947-8ABC-8F13A797B310}.Debug|iPhoneSimulator.Build.0 = Debug|iPhoneSimulator
		{6A28EC6F-823E-4947-8ABC-8F13A797B310}.Debug|x64.ActiveCfg = Debug|iPhone
		{6A28EC6F-823E-4947-8ABC-8F13A797B310}.Debug|x86.ActiveCfg = Debug|iPhone
		{6A28EC6F-823E-4947-8ABC-8F13A797B310}.Release|Any CPU.ActiveCfg = Release|iPhone
		{6A28EC6F-823E-4947-8ABC-8F13A797B310}.Release|ARM.ActiveCfg = Release|iPhone
		{6A28EC6F-823E-4947-8ABC-8F13A797B310}.Release|iPhone.ActiveCfg = Release|iPhone
		{6A28EC6F-823E-4947-8ABC-8F13A797B310}.Release|iPhone.Build.0 = Release|iPhone
		{6A28EC6F-823E-4947-8ABC-8F13A797B310}.Release|iPhoneSimulator.ActiveCfg = Release|iPhoneSimulator
		{6A28EC6F-823E-4947-8ABC-8F13A797B310}.Release|iPhoneSimulator.Build.0 = Release|iPhoneSimulator
		{6A28EC6F-823E-4947-8ABC-8F13A797B310}.Release|x64.ActiveCfg = Release|iPhone
		{6A28EC6F-823E-4947-8ABC-8F13A797B310}.Release|x86.ActiveCfg = Release|iPhone
		{083C8F57-4C72-4B6F-901D-B6285760158E}.Ad-Hoc|Any CPU.ActiveCfg = Release|Any CPU
		{083C8F57-4C72-4B6F-901D-B6285760158E}.Ad-Hoc|Any CPU.Build.0 = Release|Any CPU
		{083C8F57-4C72-4B6F-901D-B6285760158E}.Ad-Hoc|Any CPU.Deploy.0 = Release|Any CPU
		{083C8F57-4C72-4B6F-901D-B6285760158E}.Ad-Hoc|ARM.ActiveCfg = Release|ARM
		{083C8F57-4C72-4B6F-901D-B6285760158E}.Ad-Hoc|ARM.Build.0 = Release|ARM
		{083C8F57-4C72-4B6F-901D-B6285760158E}.Ad-Hoc|ARM.Deploy.0 = Release|ARM
		{083C8F57-4C72-4B6F-901D-B6285760158E}.Ad-Hoc|iPhone.ActiveCfg = Release|Any CPU
		{083C8F57-4C72-4B6F-901D-B6285760158E}.Ad-Hoc|iPhone.Build.0 = Release|Any CPU
		{083C8F57-4C72-4B6F-901D-B6285760158E}.Ad-Hoc|iPhone.Deploy.0 = Release|Any CPU
		{083C8F57-4C72-4B6F-901D-B6285760158E}.Ad-Hoc|iPhoneSimulator.ActiveCfg = Release|Any CPU
		{083C8F57-4C72-4B6F-901D-B6285760158E}.Ad-Hoc|iPhoneSimulator.Build.0 = Release|Any CPU
		{083C8F57-4C72-4B6F-901D-B6285760158E}.Ad-Hoc|iPhoneSimulator.Deploy.0 = Release|Any CPU
		{083C8F57-4C72-4B6F-901D-B6285760158E}.Ad-Hoc|x64.ActiveCfg = Release|Any CPU
		{083C8F57-4C72-4B6F-901D-B6285760158E}.Ad-Hoc|x64.Build.0 = Release|Any CPU
		{083C8F57-4C72-4B6F-901D-B6285760158E}.Ad-Hoc|x64.Deploy.0 = Release|Any CPU
		{083C8F57-4C72-4B6F-901D-B6285760158E}.Ad-Hoc|x86.ActiveCfg = Release|x86
		{083C8F57-4C72-4B6F-901D-B6285760158E}.Ad-Hoc|x86.Build.0 = Release|x86
		{083C8F57-4C72-4B6F-901D-B6285760158E}.Ad-Hoc|x86.Deploy.0 = Release|x86
		{083C8F57-4C72-4B6F-901D-B6285760158E}.AppStore|Any CPU.ActiveCfg = Release|Any CPU
		{083C8F57-4C72-4B6F-901D-B6285760158E}.AppStore|Any CPU.Build.0 = Release|Any CPU
		{083C8F57-4C72-4B6F-901D-B6285760158E}.AppStore|Any CPU.Deploy.0 = Release|Any CPU
		{083C8F57-4C72-4B6F-901D-B6285760158E}.AppStore|ARM.ActiveCfg = Release|ARM
		{083C8F57-4C72-4B6F-901D-B6285760158E}.AppStore|ARM.Build.0 = Release|ARM
		{083C8F57-4C72-4B6F-901D-B6285760158E}.AppStore|ARM.Deploy.0 = Release|ARM
		{083C8F57-4C72-4B6F-901D-B6285760158E}.AppStore|iPhone.ActiveCfg = Release|Any CPU
		{083C8F57-4C72-4B6F-901D-B6285760158E}.AppStore|iPhone.Build.0 = Release|Any CPU
		{083C8F57-4C72-4B6F-901D-B6285760158E}.AppStore|iPhone.Deploy.0 = Release|Any CPU
		{083C8F57-4C72-4B6F-901D-B6285760158E}.AppStore|iPhoneSimulator.ActiveCfg = Release|Any CPU
		{083C8F57-4C72-4B6F-901D-B6285760158E}.AppStore|iPhoneSimulator.Build.0 = Release|Any CPU
		{083C8F57-4C72-4B6F-901D-B6285760158E}.AppStore|iPhoneSimulator.Deploy.0 = Release|Any CPU
		{083C8F57-4C72-4B6F-901D-B6285760158E}.AppStore|x64.ActiveCfg = Release|Any CPU
		{083C8F57-4C72-4B6F-901D-B6285760158E}.AppStore|x64.Build.0 = Release|Any CPU
		{083C8F57-4C72-4B6F-901D-B6285760158E}.AppStore|x64.Deploy.0 = Release|Any CPU
		{083C8F57-4C72-4B6F-901D-B6285760158E}.AppStore|x86.ActiveCfg = Release|x86
		{083C8F57-4C72-4B6F-901D-B6285760158E}.AppStore|x86.Build.0 = Release|x86
		{083C8F57-4C72-4B6F-901D-B6285760158E}.AppStore|x86.Deploy.0 = Release|x86
		{083C8F57-4C72-4B6F-901D-B6285760158E}.Debug|Any CPU.ActiveCfg = Debug|Any CPU
		{083C8F57-4C72-4B6F-901D-B6285760158E}.Debug|Any CPU.Build.0 = Debug|Any CPU
		{083C8F57-4C72-4B6F-901D-B6285760158E}.Debug|Any CPU.Deploy.0 = Debug|Any CPU
		{083C8F57-4C72-4B6F-901D-B6285760158E}.Debug|ARM.ActiveCfg = Debug|ARM
		{083C8F57-4C72-4B6F-901D-B6285760158E}.Debug|ARM.Build.0 = Debug|ARM
		{083C8F57-4C72-4B6F-901D-B6285760158E}.Debug|ARM.Deploy.0 = Debug|ARM
		{083C8F57-4C72-4B6F-901D-B6285760158E}.Debug|iPhone.ActiveCfg = Debug|Any CPU
		{083C8F57-4C72-4B6F-901D-B6285760158E}.Debug|iPhone.Build.0 = Debug|Any CPU
		{083C8F57-4C72-4B6F-901D-B6285760158E}.Debug|iPhone.Deploy.0 = Debug|Any CPU
		{083C8F57-4C72-4B6F-901D-B6285760158E}.Debug|iPhoneSimulator.ActiveCfg = Debug|Any CPU
		{083C8F57-4C72-4B6F-901D-B6285760158E}.Debug|iPhoneSimulator.Build.0 = Debug|Any CPU
		{083C8F57-4C72-4B6F-901D-B6285760158E}.Debug|iPhoneSimulator.Deploy.0 = Debug|Any CPU
		{083C8F57-4C72-4B6F-901D-B6285760158E}.Debug|x64.ActiveCfg = Debug|Any CPU
		{083C8F57-4C72-4B6F-901D-B6285760158E}.Debug|x64.Build.0 = Debug|Any CPU
		{083C8F57-4C72-4B6F-901D-B6285760158E}.Debug|x64.Deploy.0 = Debug|Any CPU
		{083C8F57-4C72-4B6F-901D-B6285760158E}.Debug|x86.ActiveCfg = Debug|x86
		{083C8F57-4C72-4B6F-901D-B6285760158E}.Debug|x86.Build.0 = Debug|x86
		{083C8F57-4C72-4B6F-901D-B6285760158E}.Debug|x86.Deploy.0 = Debug|x86
		{083C8F57-4C72-4B6F-901D-B6285760158E}.Release|Any CPU.ActiveCfg = Release|Any CPU
		{083C8F57-4C72-4B6F-901D-B6285760158E}.Release|Any CPU.Build.0 = Release|Any CPU
		{083C8F57-4C72-4B6F-901D-B6285760158E}.Release|Any CPU.Deploy.0 = Release|Any CPU
		{083C8F57-4C72-4B6F-901D-B6285760158E}.Release|ARM.ActiveCfg = Release|ARM
		{083C8F57-4C72-4B6F-901D-B6285760158E}.Release|ARM.Build.0 = Release|ARM
		{083C8F57-4C72-4B6F-901D-B6285760158E}.Release|ARM.Deploy.0 = Release|ARM
		{083C8F57-4C72-4B6F-901D-B6285760158E}.Release|iPhone.ActiveCfg = Release|Any CPU
		{083C8F57-4C72-4B6F-901D-B6285760158E}.Release|iPhone.Build.0 = Release|Any CPU
		{083C8F57-4C72-4B6F-901D-B6285760158E}.Release|iPhone.Deploy.0 = Release|Any CPU
		{083C8F57-4C72-4B6F-901D-B6285760158E}.Release|iPhoneSimulator.ActiveCfg = Release|Any CPU
		{083C8F57-4C72-4B6F-901D-B6285760158E}.Release|iPhoneSimulator.Build.0 = Release|Any CPU
		{083C8F57-4C72-4B6F-901D-B6285760158E}.Release|iPhoneSimulator.Deploy.0 = Release|Any CPU
		{083C8F57-4C72-4B6F-901D-B6285760158E}.Release|x64.ActiveCfg = Release|Any CPU
		{083C8F57-4C72-4B6F-901D-B6285760158E}.Release|x64.Build.0 = Release|Any CPU
		{083C8F57-4C72-4B6F-901D-B6285760158E}.Release|x64.Deploy.0 = Release|Any CPU
		{083C8F57-4C72-4B6F-901D-B6285760158E}.Release|x86.ActiveCfg = Release|x86
		{083C8F57-4C72-4B6F-901D-B6285760158E}.Release|x86.Build.0 = Release|x86
		{083C8F57-4C72-4B6F-901D-B6285760158E}.Release|x86.Deploy.0 = Release|x86
		{6CC1888D-2C0F-4659-9B14-C5A7333742E6}.Ad-Hoc|Any CPU.ActiveCfg = Release|Any CPU
		{6CC1888D-2C0F-4659-9B14-C5A7333742E6}.Ad-Hoc|Any CPU.Build.0 = Release|Any CPU
		{6CC1888D-2C0F-4659-9B14-C5A7333742E6}.Ad-Hoc|Any CPU.Deploy.0 = Release|Any CPU
		{6CC1888D-2C0F-4659-9B14-C5A7333742E6}.Ad-Hoc|ARM.ActiveCfg = Release|ARM
		{6CC1888D-2C0F-4659-9B14-C5A7333742E6}.Ad-Hoc|ARM.Build.0 = Release|ARM
		{6CC1888D-2C0F-4659-9B14-C5A7333742E6}.Ad-Hoc|ARM.Deploy.0 = Release|ARM
		{6CC1888D-2C0F-4659-9B14-C5A7333742E6}.Ad-Hoc|iPhone.ActiveCfg = Release|Any CPU
		{6CC1888D-2C0F-4659-9B14-C5A7333742E6}.Ad-Hoc|iPhone.Build.0 = Release|Any CPU
		{6CC1888D-2C0F-4659-9B14-C5A7333742E6}.Ad-Hoc|iPhone.Deploy.0 = Release|Any CPU
		{6CC1888D-2C0F-4659-9B14-C5A7333742E6}.Ad-Hoc|iPhoneSimulator.ActiveCfg = Release|Any CPU
		{6CC1888D-2C0F-4659-9B14-C5A7333742E6}.Ad-Hoc|iPhoneSimulator.Build.0 = Release|Any CPU
		{6CC1888D-2C0F-4659-9B14-C5A7333742E6}.Ad-Hoc|iPhoneSimulator.Deploy.0 = Release|Any CPU
		{6CC1888D-2C0F-4659-9B14-C5A7333742E6}.Ad-Hoc|x64.ActiveCfg = Release|x64
		{6CC1888D-2C0F-4659-9B14-C5A7333742E6}.Ad-Hoc|x64.Build.0 = Release|x64
		{6CC1888D-2C0F-4659-9B14-C5A7333742E6}.Ad-Hoc|x64.Deploy.0 = Release|x64
		{6CC1888D-2C0F-4659-9B14-C5A7333742E6}.Ad-Hoc|x86.ActiveCfg = Release|x86
		{6CC1888D-2C0F-4659-9B14-C5A7333742E6}.Ad-Hoc|x86.Build.0 = Release|x86
		{6CC1888D-2C0F-4659-9B14-C5A7333742E6}.Ad-Hoc|x86.Deploy.0 = Release|x86
		{6CC1888D-2C0F-4659-9B14-C5A7333742E6}.AppStore|Any CPU.ActiveCfg = Release|Any CPU
		{6CC1888D-2C0F-4659-9B14-C5A7333742E6}.AppStore|Any CPU.Build.0 = Release|Any CPU
		{6CC1888D-2C0F-4659-9B14-C5A7333742E6}.AppStore|Any CPU.Deploy.0 = Release|Any CPU
		{6CC1888D-2C0F-4659-9B14-C5A7333742E6}.AppStore|ARM.ActiveCfg = Release|ARM
		{6CC1888D-2C0F-4659-9B14-C5A7333742E6}.AppStore|ARM.Build.0 = Release|ARM
		{6CC1888D-2C0F-4659-9B14-C5A7333742E6}.AppStore|ARM.Deploy.0 = Release|ARM
		{6CC1888D-2C0F-4659-9B14-C5A7333742E6}.AppStore|iPhone.ActiveCfg = Release|Any CPU
		{6CC1888D-2C0F-4659-9B14-C5A7333742E6}.AppStore|iPhone.Build.0 = Release|Any CPU
		{6CC1888D-2C0F-4659-9B14-C5A7333742E6}.AppStore|iPhone.Deploy.0 = Release|Any CPU
		{6CC1888D-2C0F-4659-9B14-C5A7333742E6}.AppStore|iPhoneSimulator.ActiveCfg = Release|Any CPU
		{6CC1888D-2C0F-4659-9B14-C5A7333742E6}.AppStore|iPhoneSimulator.Build.0 = Release|Any CPU
		{6CC1888D-2C0F-4659-9B14-C5A7333742E6}.AppStore|iPhoneSimulator.Deploy.0 = Release|Any CPU
		{6CC1888D-2C0F-4659-9B14-C5A7333742E6}.AppStore|x64.ActiveCfg = Release|x64
		{6CC1888D-2C0F-4659-9B14-C5A7333742E6}.AppStore|x64.Build.0 = Release|x64
		{6CC1888D-2C0F-4659-9B14-C5A7333742E6}.AppStore|x64.Deploy.0 = Release|x64
		{6CC1888D-2C0F-4659-9B14-C5A7333742E6}.AppStore|x86.ActiveCfg = Release|x86
		{6CC1888D-2C0F-4659-9B14-C5A7333742E6}.AppStore|x86.Build.0 = Release|x86
		{6CC1888D-2C0F-4659-9B14-C5A7333742E6}.AppStore|x86.Deploy.0 = Release|x86
		{6CC1888D-2C0F-4659-9B14-C5A7333742E6}.Debug|Any CPU.ActiveCfg = Debug|Any CPU
		{6CC1888D-2C0F-4659-9B14-C5A7333742E6}.Debug|Any CPU.Build.0 = Debug|Any CPU
		{6CC1888D-2C0F-4659-9B14-C5A7333742E6}.Debug|Any CPU.Deploy.0 = Debug|Any CPU
		{6CC1888D-2C0F-4659-9B14-C5A7333742E6}.Debug|ARM.ActiveCfg = Debug|ARM
		{6CC1888D-2C0F-4659-9B14-C5A7333742E6}.Debug|ARM.Build.0 = Debug|ARM
		{6CC1888D-2C0F-4659-9B14-C5A7333742E6}.Debug|ARM.Deploy.0 = Debug|ARM
		{6CC1888D-2C0F-4659-9B14-C5A7333742E6}.Debug|iPhone.ActiveCfg = Debug|Any CPU
		{6CC1888D-2C0F-4659-9B14-C5A7333742E6}.Debug|iPhone.Build.0 = Debug|Any CPU
		{6CC1888D-2C0F-4659-9B14-C5A7333742E6}.Debug|iPhone.Deploy.0 = Debug|Any CPU
		{6CC1888D-2C0F-4659-9B14-C5A7333742E6}.Debug|iPhoneSimulator.ActiveCfg = Debug|Any CPU
		{6CC1888D-2C0F-4659-9B14-C5A7333742E6}.Debug|iPhoneSimulator.Build.0 = Debug|Any CPU
		{6CC1888D-2C0F-4659-9B14-C5A7333742E6}.Debug|iPhoneSimulator.Deploy.0 = Debug|Any CPU
		{6CC1888D-2C0F-4659-9B14-C5A7333742E6}.Debug|x64.ActiveCfg = Debug|x64
		{6CC1888D-2C0F-4659-9B14-C5A7333742E6}.Debug|x64.Build.0 = Debug|x64
		{6CC1888D-2C0F-4659-9B14-C5A7333742E6}.Debug|x64.Deploy.0 = Debug|x64
		{6CC1888D-2C0F-4659-9B14-C5A7333742E6}.Debug|x86.ActiveCfg = Debug|x86
		{6CC1888D-2C0F-4659-9B14-C5A7333742E6}.Debug|x86.Build.0 = Debug|x86
		{6CC1888D-2C0F-4659-9B14-C5A7333742E6}.Debug|x86.Deploy.0 = Debug|x86
		{6CC1888D-2C0F-4659-9B14-C5A7333742E6}.Release|Any CPU.ActiveCfg = Release|Any CPU
		{6CC1888D-2C0F-4659-9B14-C5A7333742E6}.Release|Any CPU.Build.0 = Release|Any CPU
		{6CC1888D-2C0F-4659-9B14-C5A7333742E6}.Release|Any CPU.Deploy.0 = Release|Any CPU
		{6CC1888D-2C0F-4659-9B14-C5A7333742E6}.Release|ARM.ActiveCfg = Release|ARM
		{6CC1888D-2C0F-4659-9B14-C5A7333742E6}.Release|ARM.Build.0 = Release|ARM
		{6CC1888D-2C0F-4659-9B14-C5A7333742E6}.Release|ARM.Deploy.0 = Release|ARM
		{6CC1888D-2C0F-4659-9B14-C5A7333742E6}.Release|iPhone.ActiveCfg = Release|Any CPU
		{6CC1888D-2C0F-4659-9B14-C5A7333742E6}.Release|iPhone.Build.0 = Release|Any CPU
		{6CC1888D-2C0F-4659-9B14-C5A7333742E6}.Release|iPhone.Deploy.0 = Release|Any CPU
		{6CC1888D-2C0F-4659-9B14-C5A7333742E6}.Release|iPhoneSimulator.ActiveCfg = Release|Any CPU
		{6CC1888D-2C0F-4659-9B14-C5A7333742E6}.Release|iPhoneSimulator.Build.0 = Release|Any CPU
		{6CC1888D-2C0F-4659-9B14-C5A7333742E6}.Release|iPhoneSimulator.Deploy.0 = Release|Any CPU
		{6CC1888D-2C0F-4659-9B14-C5A7333742E6}.Release|x64.ActiveCfg = Release|x64
		{6CC1888D-2C0F-4659-9B14-C5A7333742E6}.Release|x64.Build.0 = Release|x64
		{6CC1888D-2C0F-4659-9B14-C5A7333742E6}.Release|x64.Deploy.0 = Release|x64
		{6CC1888D-2C0F-4659-9B14-C5A7333742E6}.Release|x86.ActiveCfg = Release|x86
		{6CC1888D-2C0F-4659-9B14-C5A7333742E6}.Release|x86.Build.0 = Release|x86
		{6CC1888D-2C0F-4659-9B14-C5A7333742E6}.Release|x86.Deploy.0 = Release|x86
		{4CD5E07A-E483-4E39-9308-606C96F68F79}.Ad-Hoc|Any CPU.ActiveCfg = Release|Any CPU
		{4CD5E07A-E483-4E39-9308-606C96F68F79}.Ad-Hoc|Any CPU.Build.0 = Release|Any CPU
		{4CD5E07A-E483-4E39-9308-606C96F68F79}.Ad-Hoc|ARM.ActiveCfg = Release|Any CPU
		{4CD5E07A-E483-4E39-9308-606C96F68F79}.Ad-Hoc|ARM.Build.0 = Release|Any CPU
		{4CD5E07A-E483-4E39-9308-606C96F68F79}.Ad-Hoc|iPhone.ActiveCfg = Release|Any CPU
		{4CD5E07A-E483-4E39-9308-606C96F68F79}.Ad-Hoc|iPhone.Build.0 = Release|Any CPU
		{4CD5E07A-E483-4E39-9308-606C96F68F79}.Ad-Hoc|iPhoneSimulator.ActiveCfg = Release|Any CPU
		{4CD5E07A-E483-4E39-9308-606C96F68F79}.Ad-Hoc|iPhoneSimulator.Build.0 = Release|Any CPU
		{4CD5E07A-E483-4E39-9308-606C96F68F79}.Ad-Hoc|x64.ActiveCfg = Release|Any CPU
		{4CD5E07A-E483-4E39-9308-606C96F68F79}.Ad-Hoc|x64.Build.0 = Release|Any CPU
		{4CD5E07A-E483-4E39-9308-606C96F68F79}.Ad-Hoc|x86.ActiveCfg = Release|Any CPU
		{4CD5E07A-E483-4E39-9308-606C96F68F79}.Ad-Hoc|x86.Build.0 = Release|Any CPU
		{4CD5E07A-E483-4E39-9308-606C96F68F79}.AppStore|Any CPU.ActiveCfg = Release|Any CPU
		{4CD5E07A-E483-4E39-9308-606C96F68F79}.AppStore|Any CPU.Build.0 = Release|Any CPU
		{4CD5E07A-E483-4E39-9308-606C96F68F79}.AppStore|ARM.ActiveCfg = Release|Any CPU
		{4CD5E07A-E483-4E39-9308-606C96F68F79}.AppStore|ARM.Build.0 = Release|Any CPU
		{4CD5E07A-E483-4E39-9308-606C96F68F79}.AppStore|iPhone.ActiveCfg = Release|Any CPU
		{4CD5E07A-E483-4E39-9308-606C96F68F79}.AppStore|iPhone.Build.0 = Release|Any CPU
		{4CD5E07A-E483-4E39-9308-606C96F68F79}.AppStore|iPhoneSimulator.ActiveCfg = Release|Any CPU
		{4CD5E07A-E483-4E39-9308-606C96F68F79}.AppStore|iPhoneSimulator.Build.0 = Release|Any CPU
		{4CD5E07A-E483-4E39-9308-606C96F68F79}.AppStore|x64.ActiveCfg = Release|Any CPU
		{4CD5E07A-E483-4E39-9308-606C96F68F79}.AppStore|x64.Build.0 = Release|Any CPU
		{4CD5E07A-E483-4E39-9308-606C96F68F79}.AppStore|x86.ActiveCfg = Release|Any CPU
		{4CD5E07A-E483-4E39-9308-606C96F68F79}.AppStore|x86.Build.0 = Release|Any CPU
		{4CD5E07A-E483-4E39-9308-606C96F68F79}.Debug|Any CPU.ActiveCfg = Debug|Any CPU
		{4CD5E07A-E483-4E39-9308-606C96F68F79}.Debug|Any CPU.Build.0 = Debug|Any CPU
		{4CD5E07A-E483-4E39-9308-606C96F68F79}.Debug|ARM.ActiveCfg = Debug|Any CPU
		{4CD5E07A-E483-4E39-9308-606C96F68F79}.Debug|ARM.Build.0 = Debug|Any CPU
		{4CD5E07A-E483-4E39-9308-606C96F68F79}.Debug|iPhone.ActiveCfg = Debug|Any CPU
		{4CD5E07A-E483-4E39-9308-606C96F68F79}.Debug|iPhone.Build.0 = Debug|Any CPU
		{4CD5E07A-E483-4E39-9308-606C96F68F79}.Debug|iPhoneSimulator.ActiveCfg = Debug|Any CPU
		{4CD5E07A-E483-4E39-9308-606C96F68F79}.Debug|iPhoneSimulator.Build.0 = Debug|Any CPU
		{4CD5E07A-E483-4E39-9308-606C96F68F79}.Debug|x64.ActiveCfg = Debug|Any CPU
		{4CD5E07A-E483-4E39-9308-606C96F68F79}.Debug|x64.Build.0 = Debug|Any CPU
		{4CD5E07A-E483-4E39-9308-606C96F68F79}.Debug|x86.ActiveCfg = Debug|Any CPU
		{4CD5E07A-E483-4E39-9308-606C96F68F79}.Debug|x86.Build.0 = Debug|Any CPU
		{4CD5E07A-E483-4E39-9308-606C96F68F79}.Release|Any CPU.ActiveCfg = Release|Any CPU
		{4CD5E07A-E483-4E39-9308-606C96F68F79}.Release|Any CPU.Build.0 = Release|Any CPU
		{4CD5E07A-E483-4E39-9308-606C96F68F79}.Release|ARM.ActiveCfg = Release|Any CPU
		{4CD5E07A-E483-4E39-9308-606C96F68F79}.Release|ARM.Build.0 = Release|Any CPU
		{4CD5E07A-E483-4E39-9308-606C96F68F79}.Release|iPhone.ActiveCfg = Release|Any CPU
		{4CD5E07A-E483-4E39-9308-606C96F68F79}.Release|iPhone.Build.0 = Release|Any CPU
		{4CD5E07A-E483-4E39-9308-606C96F68F79}.Release|iPhoneSimulator.ActiveCfg = Release|Any CPU
		{4CD5E07A-E483-4E39-9308-606C96F68F79}.Release|iPhoneSimulator.Build.0 = Release|Any CPU
		{4CD5E07A-E483-4E39-9308-606C96F68F79}.Release|x64.ActiveCfg = Release|Any CPU
		{4CD5E07A-E483-4E39-9308-606C96F68F79}.Release|x64.Build.0 = Release|Any CPU
		{4CD5E07A-E483-4E39-9308-606C96F68F79}.Release|x86.ActiveCfg = Release|Any CPU
		{4CD5E07A-E483-4E39-9308-606C96F68F79}.Release|x86.Build.0 = Release|Any CPU
		{B68328FF-1122-4860-9EB7-02365A64050B}.Ad-Hoc|Any CPU.ActiveCfg = Release|Any CPU
		{B68328FF-1122-4860-9EB7-02365A64050B}.Ad-Hoc|Any CPU.Build.0 = Release|Any CPU
		{B68328FF-1122-4860-9EB7-02365A64050B}.Ad-Hoc|ARM.ActiveCfg = Release|Any CPU
		{B68328FF-1122-4860-9EB7-02365A64050B}.Ad-Hoc|ARM.Build.0 = Release|Any CPU
		{B68328FF-1122-4860-9EB7-02365A64050B}.Ad-Hoc|iPhone.ActiveCfg = Release|Any CPU
		{B68328FF-1122-4860-9EB7-02365A64050B}.Ad-Hoc|iPhone.Build.0 = Release|Any CPU
		{B68328FF-1122-4860-9EB7-02365A64050B}.Ad-Hoc|iPhoneSimulator.ActiveCfg = Release|Any CPU
		{B68328FF-1122-4860-9EB7-02365A64050B}.Ad-Hoc|iPhoneSimulator.Build.0 = Release|Any CPU
		{B68328FF-1122-4860-9EB7-02365A64050B}.Ad-Hoc|x64.ActiveCfg = Release|Any CPU
		{B68328FF-1122-4860-9EB7-02365A64050B}.Ad-Hoc|x64.Build.0 = Release|Any CPU
		{B68328FF-1122-4860-9EB7-02365A64050B}.Ad-Hoc|x86.ActiveCfg = Release|Any CPU
		{B68328FF-1122-4860-9EB7-02365A64050B}.Ad-Hoc|x86.Build.0 = Release|Any CPU
		{B68328FF-1122-4860-9EB7-02365A64050B}.AppStore|Any CPU.ActiveCfg = Release|Any CPU
		{B68328FF-1122-4860-9EB7-02365A64050B}.AppStore|Any CPU.Build.0 = Release|Any CPU
		{B68328FF-1122-4860-9EB7-02365A64050B}.AppStore|ARM.ActiveCfg = Release|Any CPU
		{B68328FF-1122-4860-9EB7-02365A64050B}.AppStore|ARM.Build.0 = Release|Any CPU
		{B68328FF-1122-4860-9EB7-02365A64050B}.AppStore|iPhone.ActiveCfg = Release|Any CPU
		{B68328FF-1122-4860-9EB7-02365A64050B}.AppStore|iPhone.Build.0 = Release|Any CPU
		{B68328FF-1122-4860-9EB7-02365A64050B}.AppStore|iPhoneSimulator.ActiveCfg = Release|Any CPU
		{B68328FF-1122-4860-9EB7-02365A64050B}.AppStore|iPhoneSimulator.Build.0 = Release|Any CPU
		{B68328FF-1122-4860-9EB7-02365A64050B}.AppStore|x64.ActiveCfg = Release|Any CPU
		{B68328FF-1122-4860-9EB7-02365A64050B}.AppStore|x64.Build.0 = Release|Any CPU
		{B68328FF-1122-4860-9EB7-02365A64050B}.AppStore|x86.ActiveCfg = Release|Any CPU
		{B68328FF-1122-4860-9EB7-02365A64050B}.AppStore|x86.Build.0 = Release|Any CPU
		{B68328FF-1122-4860-9EB7-02365A64050B}.Debug|Any CPU.ActiveCfg = Debug|Any CPU
		{B68328FF-1122-4860-9EB7-02365A64050B}.Debug|Any CPU.Build.0 = Debug|Any CPU
		{B68328FF-1122-4860-9EB7-02365A64050B}.Debug|ARM.ActiveCfg = Debug|Any CPU
		{B68328FF-1122-4860-9EB7-02365A64050B}.Debug|ARM.Build.0 = Debug|Any CPU
		{B68328FF-1122-4860-9EB7-02365A64050B}.Debug|iPhone.ActiveCfg = Debug|Any CPU
		{B68328FF-1122-4860-9EB7-02365A64050B}.Debug|iPhone.Build.0 = Debug|Any CPU
		{B68328FF-1122-4860-9EB7-02365A64050B}.Debug|iPhoneSimulator.ActiveCfg = Debug|Any CPU
		{B68328FF-1122-4860-9EB7-02365A64050B}.Debug|iPhoneSimulator.Build.0 = Debug|Any CPU
		{B68328FF-1122-4860-9EB7-02365A64050B}.Debug|x64.ActiveCfg = Debug|Any CPU
		{B68328FF-1122-4860-9EB7-02365A64050B}.Debug|x64.Build.0 = Debug|Any CPU
		{B68328FF-1122-4860-9EB7-02365A64050B}.Debug|x86.ActiveCfg = Debug|Any CPU
		{B68328FF-1122-4860-9EB7-02365A64050B}.Debug|x86.Build.0 = Debug|Any CPU
		{B68328FF-1122-4860-9EB7-02365A64050B}.Release|Any CPU.ActiveCfg = Release|Any CPU
		{B68328FF-1122-4860-9EB7-02365A64050B}.Release|Any CPU.Build.0 = Release|Any CPU
		{B68328FF-1122-4860-9EB7-02365A64050B}.Release|ARM.ActiveCfg = Release|Any CPU
		{B68328FF-1122-4860-9EB7-02365A64050B}.Release|ARM.Build.0 = Release|Any CPU
		{B68328FF-1122-4860-9EB7-02365A64050B}.Release|iPhone.ActiveCfg = Release|Any CPU
		{B68328FF-1122-4860-9EB7-02365A64050B}.Release|iPhone.Build.0 = Release|Any CPU
		{B68328FF-1122-4860-9EB7-02365A64050B}.Release|iPhoneSimulator.ActiveCfg = Release|Any CPU
		{B68328FF-1122-4860-9EB7-02365A64050B}.Release|iPhoneSimulator.Build.0 = Release|Any CPU
		{B68328FF-1122-4860-9EB7-02365A64050B}.Release|x64.ActiveCfg = Release|Any CPU
		{B68328FF-1122-4860-9EB7-02365A64050B}.Release|x64.Build.0 = Release|Any CPU
		{B68328FF-1122-4860-9EB7-02365A64050B}.Release|x86.ActiveCfg = Release|Any CPU
		{B68328FF-1122-4860-9EB7-02365A64050B}.Release|x86.Build.0 = Release|Any CPU
	EndGlobalSection
	GlobalSection(SolutionProperties) = preSolution
		HideSolutionNode = FALSE
	EndGlobalSection
EndGlobal
